
Microsoft Visual Studio Solution File, Format Version 12.00
# Visual Studio Version 16
VisualStudioVersion = 16.0.31025.194
MinimumVisualStudioVersion = 10.0.40219.1
Project("{FAE04EC0-301F-11D3-BF4B-00C04F79EFBC}") = "RetentionApp", "RetentionApp\RetentionApp.csproj", "{687E1E52-F7CB-4B29-B15B-F2ECAE5406A0}"
EndProject
Global
	GlobalSection(SolutionConfigurationPlatforms) = preSolution
		Debug|Any CPU = Debug|Any CPU
		Release|Any CPU = Release|Any CPU
	EndGlobalSection
	GlobalSection(ProjectConfigurationPlatforms) = postSolution
		{687E1E52-F7CB-4B29-B15B-F2ECAE5406A0}.Debug|Any CPU.ActiveCfg = Debug|Any CPU
		{687E1E52-F7CB-4B29-B15B-F2ECAE5406A0}.Debug|Any CPU.Build.0 = Debug|Any CPU
		{687E1E52-F7CB-4B29-B15B-F2ECAE5406A0}.Release|Any CPU.ActiveCfg = Release|Any CPU
		{687E1E52-F7CB-4B29-B15B-F2ECAE5406A0}.Release|Any CPU.Build.0 = Release|Any CPU
	EndGlobalSection
	GlobalSection(SolutionProperties) = preSolution
		HideSolutionNode = FALSE
	EndGlobalSection
	GlobalSection(ExtensibilityGlobals) = postSolution
		SolutionGuid = {E6848BEB-7B0E-4242-BD55-8362B90DED92}
	EndGlobalSection
EndGlobal
